// !$*UTF8*$!
{
	archiveVersion = 1;
	classes = {
	};
	objectVersion = 46;
	objects = {

/* Begin PBXBuildFile section */
		CA193D7F1F19F4BA00414DDB /* AppDelegate.swift in Sources */ = {isa = PBXBuildFile; fileRef = CA193D7E1F19F4BA00414DDB /* AppDelegate.swift */; };
		CA193D811F19F4BA00414DDB /* ViewController.swift in Sources */ = {isa = PBXBuildFile; fileRef = CA193D801F19F4BA00414DDB /* ViewController.swift */; };
		CA193D831F19F4BA00414DDB /* Assets.xcassets in Resources */ = {isa = PBXBuildFile; fileRef = CA193D821F19F4BA00414DDB /* Assets.xcassets */; };
		CA193D861F19F4BA00414DDB /* Main.storyboard in Resources */ = {isa = PBXBuildFile; fileRef = CA193D841F19F4BA00414DDB /* Main.storyboard */; };
		CA193D8E1F19FC0700414DDB /* DropZone.swift in Sources */ = {isa = PBXBuildFile; fileRef = CA193D8D1F19FC0700414DDB /* DropZone.swift */; };
		CA193D901F1A249F00414DDB /* MyFancy.swift in Sources */ = {isa = PBXBuildFile; fileRef = CA193D8F1F1A249F00414DDB /* MyFancy.swift */; };
		CA193D921F1A264E00414DDB /* Window.swift in Sources */ = {isa = PBXBuildFile; fileRef = CA193D911F1A264E00414DDB /* Window.swift */; };
/* End PBXBuildFile section */

/* Begin PBXFileReference section */
		CA193D7B1F19F4BA00414DDB /* SubFixer.app */ = {isa = PBXFileReference; explicitFileType = wrapper.application; includeInIndex = 0; path = SubFixer.app; sourceTree = BUILT_PRODUCTS_DIR; };
		CA193D7E1F19F4BA00414DDB /* AppDelegate.swift */ = {isa = PBXFileReference; lastKnownFileType = sourcecode.swift; path = AppDelegate.swift; sourceTree = "<group>"; };
		CA193D801F19F4BA00414DDB /* ViewController.swift */ = {isa = PBXFileReference; lastKnownFileType = sourcecode.swift; path = ViewController.swift; sourceTree = "<group>"; };
		CA193D821F19F4BA00414DDB /* Assets.xcassets */ = {isa = PBXFileReference; lastKnownFileType = folder.assetcatalog; path = Assets.xcassets; sourceTree = "<group>"; };
		CA193D851F19F4BA00414DDB /* Base */ = {isa = PBXFileReference; lastKnownFileType = file.storyboard; name = Base; path = Base.lproj/Main.storyboard; sourceTree = "<group>"; };
		CA193D871F19F4BA00414DDB /* Info.plist */ = {isa = PBXFileReference; lastKnownFileType = text.plist.xml; path = Info.plist; sourceTree = "<group>"; };
		CA193D8D1F19FC0700414DDB /* DropZone.swift */ = {isa = PBXFileReference; fileEncoding = 4; lastKnownFileType = sourcecode.swift; path = DropZone.swift; sourceTree = "<group>"; };
		CA193D8F1F1A249F00414DDB /* MyFancy.swift */ = {isa = PBXFileReference; fileEncoding = 4; lastKnownFileType = sourcecode.swift; path = MyFancy.swift; sourceTree = "<group>"; };
		CA193D911F1A264E00414DDB /* Window.swift */ = {isa = PBXFileReference; fileEncoding = 4; lastKnownFileType = sourcecode.swift; path = Window.swift; sourceTree = "<group>"; };
/* End PBXFileReference section */

/* Begin PBXFrameworksBuildPhase section */
		CA193D781F19F4BA00414DDB /* Frameworks */ = {
			isa = PBXFrameworksBuildPhase;
			buildActionMask = 2147483647;
			files = (
			);
			runOnlyForDeploymentPostprocessing = 0;
		};
/* End PBXFrameworksBuildPhase section */

/* Begin PBXGroup section */
		CA193D721F19F4BA00414DDB = {
			isa = PBXGroup;
			children = (
				CA193D7D1F19F4BA00414DDB /* SubFixer */,
				CA193D7C1F19F4BA00414DDB /* Products */,
			);
			sourceTree = "<group>";
		};
		CA193D7C1F19F4BA00414DDB /* Products */ = {
			isa = PBXGroup;
			children = (
				CA193D7B1F19F4BA00414DDB /* SubFixer.app */,
			);
			name = Products;
			sourceTree = "<group>";
		};
		CA193D7D1F19F4BA00414DDB /* SubFixer */ = {
			isa = PBXGroup;
			children = (
				CA193D7E1F19F4BA00414DDB /* AppDelegate.swift */,
				CA193D801F19F4BA00414DDB /* ViewController.swift */,
				CA193D821F19F4BA00414DDB /* Assets.xcassets */,
				CA193D841F19F4BA00414DDB /* Main.storyboard */,
				CA193D871F19F4BA00414DDB /* Info.plist */,
				CA193D8D1F19FC0700414DDB /* DropZone.swift */,
				CA193D8F1F1A249F00414DDB /* MyFancy.swift */,
				CA193D911F1A264E00414DDB /* Window.swift */,
			);
			path = SubFixer;
			sourceTree = "<group>";
		};
/* End PBXGroup section */

/* Begin PBXNativeTarget section */
		CA193D7A1F19F4BA00414DDB /* SubFixer */ = {
			isa = PBXNativeTarget;
			buildConfigurationList = CA193D8A1F19F4BA00414DDB /* Build configuration list for PBXNativeTarget "SubFixer" */;
			buildPhases = (
				CA193D771F19F4BA00414DDB /* Sources */,
				CA193D781F19F4BA00414DDB /* Frameworks */,
				CA193D791F19F4BA00414DDB /* Resources */,
			);
			buildRules = (
			);
			dependencies = (
			);
			name = SubFixer;
			productName = SubFixer;
			productReference = CA193D7B1F19F4BA00414DDB /* SubFixer.app */;
			productType = "com.apple.product-type.application";
		};
/* End PBXNativeTarget section */

/* Begin PBXProject section */
		CA193D731F19F4BA00414DDB /* Project object */ = {
			isa = PBXProject;
			attributes = {
				LastSwiftUpdateCheck = 0810;
				LastUpgradeCheck = 0810;
				ORGANIZATIONNAME = Mostafa;
				TargetAttributes = {
					CA193D7A1F19F4BA00414DDB = {
						CreatedOnToolsVersion = 8.1;
						DevelopmentTeam = HNCVYKA54Q;
						ProvisioningStyle = Automatic;
					};
				};
			};
			buildConfigurationList = CA193D761F19F4BA00414DDB /* Build configuration list for PBXProject "SubFixer" */;
			compatibilityVersion = "Xcode 3.2";
			developmentRegion = English;
			hasScannedForEncodings = 0;
			knownRegions = (
				en,
				Base,
			);
			mainGroup = CA193D721F19F4BA00414DDB;
			productRefGroup = CA193D7C1F19F4BA00414DDB /* Products */;
			projectDirPath = "";
			projectRoot = "";
			targets = (
				CA193D7A1F19F4BA00414DDB /* SubFixer */,
			);
		};
/* End PBXProject section */

/* Begin PBXResourcesBuildPhase section */
		CA193D791F19F4BA00414DDB /* Resources */ = {
			isa = PBXResourcesBuildPhase;
			buildActionMask = 2147483647;
			files = (
				CA193D831F19F4BA00414DDB /* Assets.xcassets in Resources */,
				CA193D861F19F4BA00414DDB /* Main.storyboard in Resources */,
			);
			runOnlyForDeploymentPostprocessing = 0;
		};
/* End PBXResourcesBuildPhase section */

/* Begin PBXSourcesBuildPhase section */
		CA193D771F19F4BA00414DDB /* Sources */ = {
			isa = PBXSourcesBuildPhase;
			buildActionMask = 2147483647;
			files = (
				CA193D811F19F4BA00414DDB /* ViewController.swift in Sources */,
				CA193D921F1A264E00414DDB /* Window.swift in Sources */,
				CA193D8E1F19FC0700414DDB /* DropZone.swift in Sources */,
				CA193D7F1F19F4BA00414DDB /* AppDelegate.swift in Sources */,
				CA193D901F1A249F00414DDB /* MyFancy.swift in Sources */,
			);
			runOnlyForDeploymentPostprocessing = 0;
		};
/* End PBXSourcesBuildPhase section */

/* Begin PBXVariantGroup section */
		CA193D841F19F4BA00414DDB /* Main.storyboard */ = {
			isa = PBXVariantGroup;
			children = (
				CA193D851F19F4BA00414DDB /* Base */,
			);
			name = Main.storyboard;
			sourceTree = "<group>";
		};
/* End PBXVariantGroup section */

/* Begin XCBuildConfiguration section */
		CA193D881F19F4BA00414DDB /* Debug */ = {
			isa = XCBuildConfiguration;
			buildSettings = {
				ALWAYS_SEARCH_USER_PATHS = NO;
				CLANG_ANALYZER_NONNULL = YES;
				CLANG_CXX_LANGUAGE_STANDARD = "gnu++0x";
				CLANG_CXX_LIBRARY = "libc++";
				CLANG_ENABLE_MODULES = YES;
				CLANG_ENABLE_OBJC_ARC = YES;
				CLANG_WARN_BOOL_CONVERSION = YES;
				CLANG_WARN_CONSTANT_CONVERSION = YES;
				CLANG_WARN_DIRECT_OBJC_ISA_USAGE = YES_ERROR;
				CLANG_WARN_DOCUMENTATION_COMMENTS = YES;
				CLANG_WARN_EMPTY_BODY = YES;
				CLANG_WARN_ENUM_CONVERSION = YES;
				CLANG_WARN_INFINITE_RECURSION = YES;
				CLANG_WARN_INT_CONVERSION = YES;
				CLANG_WARN_OBJC_ROOT_CLASS = YES_ERROR;
				CLANG_WARN_SUSPICIOUS_MOVES = YES;
				CLANG_WARN_UNREACHABLE_CODE = YES;
				CLANG_WARN__DUPLICATE_METHOD_MATCH = YES;
				CODE_SIGN_IDENTITY = "-";
				COPY_PHASE_STRIP = NO;
				DEBUG_INFORMATION_FORMAT = dwarf;
				ENABLE_STRICT_OBJC_MSGSEND = YES;
				ENABLE_TESTABILITY = YES;
				GCC_C_LANGUAGE_STANDARD = gnu99;
				GCC_DYNAMIC_NO_PIC = NO;
				GCC_NO_COMMON_BLOCKS = YES;
				GCC_OPTIMIZATION_LEVEL = 0;
				GCC_PREPROCESSOR_DEFINITIONS = (
					"DEBUG=1",
					"$(inherited)",
				);
				GCC_WARN_64_TO_32_BIT_CONVERSION = YES;
				GCC_WARN_ABOUT_RETURN_TYPE = YES_ERROR;
				GCC_WARN_UNDECLARED_SELECTOR = YES;
				GCC_WARN_UNINITIALIZED_AUTOS = YES_AGGRESSIVE;
				GCC_WARN_UNUSED_FUNCTION = YES;
				GCC_WARN_UNUSED_VARIABLE = YES;
				MACOSX_DEPLOYMENT_TARGET = 10.12;
				MTL_ENABLE_DEBUG_INFO = YES;
				ONLY_ACTIVE_ARCH = YES;
				SDKROOT = macosx;
				SWIFT_ACTIVE_COMPILATION_CONDITIONS = DEBUG;
				SWIFT_OPTIMIZATION_LEVEL = "-Onone";
			};
			name = Debug;
		};
		CA193D891F19F4BA00414DDB /* Release */ = {
			isa = XCBuildConfiguration;
			buildSettings = {
				ALWAYS_SEARCH_USER_PATHS = NO;
				CLANG_ANALYZER_NONNULL = YES;
				CLANG_CXX_LANGUAGE_STANDARD = "gnu++0x";
				CLANG_CXX_LIBRARY = "libc++";
				CLANG_ENABLE_MODULES = YES;
				CLANG_ENABLE_OBJC_ARC = YES;
				CLANG_WARN_BOOL_CONVERSION = YES;
				CLANG_WARN_CONSTANT_CONVERSION = YES;
				CLANG_WARN_DIRECT_OBJC_ISA_USAGE = YES_ERROR;
				CLANG_WARN_DOCUMENTATION_COMMENTS = YES;
				CLANG_WARN_EMPTY_BODY = YES;
				CLANG_WARN_ENUM_CONVERSION = YES;
				CLANG_WARN_INFINITE_RECURSION = YES;
				CLANG_WARN_INT_CONVERSION = YES;
				CLANG_WARN_OBJC_ROOT_CLASS = YES_ERROR;
				CLANG_WARN_SUSPICIOUS_MOVES = YES;
				CLANG_WARN_UNREACHABLE_CODE = YES;
				CLANG_WARN__DUPLICATE_METHOD_MATCH = YES;
				CODE_SIGN_IDENTITY = "-";
				COPY_PHASE_STRIP = NO;
				DEBUG_INFORMATION_FORMAT = "dwarf-with-dsym";
				ENABLE_NS_ASSERTIONS = NO;
				ENABLE_STRICT_OBJC_MSGSEND = YES;
				GCC_C_LANGUAGE_STANDARD = gnu99;
				GCC_NO_COMMON_BLOCKS = YES;
				GCC_WARN_64_TO_32_BIT_CONVERSION = YES;
				GCC_WARN_ABOUT_RETURN_TYPE = YES_ERROR;
				GCC_WARN_UNDECLARED_SELECTOR = YES;
				GCC_WARN_UNINITIALIZED_AUTOS = YES_AGGRESSIVE;
				GCC_WARN_UNUSED_FUNCTION = YES;
				GCC_WARN_UNUSED_VARIABLE = YES;
				MACOSX_DEPLOYMENT_TARGET = 10.12;
				MTL_ENABLE_DEBUG_INFO = NO;
				SDKROOT = macosx;
				SWIFT_OPTIMIZATION_LEVEL = "-Owholemodule";
			};
			name = Release;
		};
		CA193D8B1F19F4BA00414DDB /* Debug */ = {
			isa = XCBuildConfiguration;
			buildSettings = {
				ASSETCATALOG_COMPILER_APPICON_NAME = AppIcon;
				CODE_SIGN_IDENTITY = "Mac Developer";
				COMBINE_HIDPI_IMAGES = YES;
				DEVELOPMENT_TEAM = HNCVYKA54Q;
				INFOPLIST_FILE = SubFixer/Info.plist;
				LD_RUNPATH_SEARCH_PATHS = "$(inherited) @executable_path/../Frameworks";
				PRODUCT_BUNDLE_IDENTIFIER = com.mostafa.SubFixer;
				PRODUCT_NAME = "$(TARGET_NAME)";
				SWIFT_VERSION = 3.0;
			};
			name = Debug;
		};
		CA193D8C1F19F4BA00414DDB /* Release */ = {
			isa = XCBuildConfiguration;
			buildSettings = {
				ASSETCATALOG_COMPILER_APPICON_NAME = AppIcon;
				CODE_SIGN_IDENTITY = "Mac Developer";
				COMBINE_HIDPI_IMAGES = YES;
				DEVELOPMENT_TEAM = HNCVYKA54Q;
				INFOPLIST_FILE = SubFixer/Info.plist;
				LD_RUNPATH_SEARCH_PATHS = "$(inherited) @executable_path/../Frameworks";
				PRODUCT_BUNDLE_IDENTIFIER = com.mostafa.SubFixer;
				PRODUCT_NAME = "$(TARGET_NAME)";
				SWIFT_VERSION = 3.0;
			};
			name = Release;
		};
/* End XCBuildConfiguration section */

/* Begin XCConfigurationList section */
		CA193D761F19F4BA00414DDB /* Build configuration list for PBXProject "SubFixer" */ = {
			isa = XCConfigurationList;
			buildConfigurations = (
				CA193D881F19F4BA00414DDB /* Debug */,
				CA193D891F19F4BA00414DDB /* Release */,
			);
			defaultConfigurationIsVisible = 0;
			defaultConfigurationName = Release;
		};
		CA193D8A1F19F4BA00414DDB /* Build configuration list for PBXNativeTarget "SubFixer" */ = {
			isa = XCConfigurationList;
			buildConfigurations = (
				CA193D8B1F19F4BA00414DDB /* Debug */,
				CA193D8C1F19F4BA00414DDB /* Release */,
			);
			defaultConfigurationIsVisible = 0;
			defaultConfigurationName = Release;
		};
/* End XCConfigurationList section */
	};
	rootObject = CA193D731F19F4BA00414DDB /* Project object */;
}
